
Microsoft Visual Studio Solution File, Format Version 12.00
# Visual Studio Version 17
VisualStudioVersion = 17.3.32901.215
MinimumVisualStudioVersion = 10.0.40219.1
Project("{FAE04EC0-301F-11D3-BF4B-00C04F79EFBC}") = "GenteFitApp", "GenteFitApp\GenteFitApp.csproj", "{BAB498DB-83B8-4FEE-9AC6-8716C4B628D0}"
EndProject
Global
	GlobalSection(SolutionConfigurationPlatforms) = preSolution
		Debug|Any CPU = Debug|Any CPU
		Release|Any CPU = Release|Any CPU
	EndGlobalSection
	GlobalSection(ProjectConfigurationPlatforms) = postSolution
		{BAB498DB-83B8-4FEE-9AC6-8716C4B628D0}.Debug|Any CPU.ActiveCfg = Debug|Any CPU
		{BAB498DB-83B8-4FEE-9AC6-8716C4B628D0}.Debug|Any CPU.Build.0 = Debug|Any CPU
		{BAB498DB-83B8-4FEE-9AC6-8716C4B628D0}.Release|Any CPU.ActiveCfg = Release|Any CPU
		{BAB498DB-83B8-4FEE-9AC6-8716C4B628D0}.Release|Any CPU.Build.0 = Release|Any CPU
	EndGlobalSection
	GlobalSection(SolutionProperties) = preSolution
		HideSolutionNode = FALSE
	EndGlobalSection
	GlobalSection(ExtensibilityGlobals) = postSolution
		SolutionGuid = {75CAFE97-AB6E-4037-BD02-3A3C92640048}
	EndGlobalSection
EndGlobal
